
Microsoft Visual Studio Solution File, Format Version 12.00
# Visual Studio 15
VisualStudioVersion = 15.0.28010.2016
MinimumVisualStudioVersion = 10.0.40219.1
Project("{FAE04EC0-301F-11D3-BF4B-00C04F79EFBC}") = "MegaCorp.Test", "MegaCorp.Test\MegaCorp.Test.csproj", "{4CE1CCB5-890C-4E43-A61F-584080327550}"
EndProject
Project("{FAE04EC0-301F-11D3-BF4B-00C04F79EFBC}") = "MegaCorp.DataAccess", "MegaCorp.DataAccess\MegaCorp.DataAccess.csproj", "{57AB29F5-EB4E-425E-9DA1-869E766CBFAF}"
EndProject
Project("{FAE04EC0-301F-11D3-BF4B-00C04F79EFBC}") = "MegaCorp.Entities", "MegaCorp.Entities\MegaCorp.Entities.csproj", "{52588E27-352C-4D89-A5F1-339683FDF2F8}"
EndProject
Global
	GlobalSection(SolutionConfigurationPlatforms) = preSolution
		Debug|Any CPU = Debug|Any CPU
		Release|Any CPU = Release|Any CPU
	EndGlobalSection
	GlobalSection(ProjectConfigurationPlatforms) = postSolution
		{4CE1CCB5-890C-4E43-A61F-584080327550}.Debug|Any CPU.ActiveCfg = Debug|Any CPU
		{4CE1CCB5-890C-4E43-A61F-584080327550}.Debug|Any CPU.Build.0 = Debug|Any CPU
		{4CE1CCB5-890C-4E43-A61F-584080327550}.Release|Any CPU.ActiveCfg = Release|Any CPU
		{4CE1CCB5-890C-4E43-A61F-584080327550}.Release|Any CPU.Build.0 = Release|Any CPU
		{57AB29F5-EB4E-425E-9DA1-869E766CBFAF}.Debug|Any CPU.ActiveCfg = Debug|Any CPU
		{57AB29F5-EB4E-425E-9DA1-869E766CBFAF}.Debug|Any CPU.Build.0 = Debug|Any CPU
		{57AB29F5-EB4E-425E-9DA1-869E766CBFAF}.Release|Any CPU.ActiveCfg = Release|Any CPU
		{57AB29F5-EB4E-425E-9DA1-869E766CBFAF}.Release|Any CPU.Build.0 = Release|Any CPU
		{52588E27-352C-4D89-A5F1-339683FDF2F8}.Debug|Any CPU.ActiveCfg = Debug|Any CPU
		{52588E27-352C-4D89-A5F1-339683FDF2F8}.Debug|Any CPU.Build.0 = Debug|Any CPU
		{52588E27-352C-4D89-A5F1-339683FDF2F8}.Release|Any CPU.ActiveCfg = Release|Any CPU
		{52588E27-352C-4D89-A5F1-339683FDF2F8}.Release|Any CPU.Build.0 = Release|Any CPU
	EndGlobalSection
	GlobalSection(SolutionProperties) = preSolution
		HideSolutionNode = FALSE
	EndGlobalSection
	GlobalSection(ExtensibilityGlobals) = postSolution
		SolutionGuid = {73B1911E-A323-49D6-B8EA-F68FC64211F9}
	EndGlobalSection
EndGlobal
